
Microsoft Visual Studio Solution File, Format Version 12.00
# Visual Studio Version 17
VisualStudioVersion = 17.5.002.0
MinimumVisualStudioVersion = 10.0.40219.1
Project("{9A19103F-16F7-4668-BE54-9A1E7A4F7556}") = "training", "training.csproj", "{4EB4C575-A42D-481B-8269-5E836A2D06F1}"
EndProject
Global
	GlobalSection(SolutionConfigurationPlatforms) = preSolution
		Debug|Any CPU = Debug|Any CPU
		Release|Any CPU = Release|Any CPU
	EndGlobalSection
	GlobalSection(ProjectConfigurationPlatforms) = postSolution
		{4EB4C575-A42D-481B-8269-5E836A2D06F1}.Debug|Any CPU.ActiveCfg = Debug|Any CPU
		{4EB4C575-A42D-481B-8269-5E836A2D06F1}.Debug|Any CPU.Build.0 = Debug|Any CPU
		{4EB4C575-A42D-481B-8269-5E836A2D06F1}.Release|Any CPU.ActiveCfg = Release|Any CPU
		{4EB4C575-A42D-481B-8269-5E836A2D06F1}.Release|Any CPU.Build.0 = Release|Any CPU
	EndGlobalSection
	GlobalSection(SolutionProperties) = preSolution
		HideSolutionNode = FALSE
	EndGlobalSection
	GlobalSection(ExtensibilityGlobals) = postSolution
		SolutionGuid = {5E5D4AAD-DBF0-4F3D-A3B6-2AC53FC45CBD}
	EndGlobalSection
EndGlobal
