
Microsoft Visual Studio Solution File, Format Version 12.00
# Visual Studio Version 17
VisualStudioVersion = 17.5.002.0
MinimumVisualStudioVersion = 10.0.40219.1
Project("{9A19103F-16F7-4668-BE54-9A1E7A4F7556}") = "LSP", "LSP.csproj", "{1F595F26-3031-4776-B7BF-A57C7264FA42}"
EndProject
Global
	GlobalSection(SolutionConfigurationPlatforms) = preSolution
		Debug|Any CPU = Debug|Any CPU
		Release|Any CPU = Release|Any CPU
	EndGlobalSection
	GlobalSection(ProjectConfigurationPlatforms) = postSolution
		{1F595F26-3031-4776-B7BF-A57C7264FA42}.Debug|Any CPU.ActiveCfg = Debug|Any CPU
		{1F595F26-3031-4776-B7BF-A57C7264FA42}.Debug|Any CPU.Build.0 = Debug|Any CPU
		{1F595F26-3031-4776-B7BF-A57C7264FA42}.Release|Any CPU.ActiveCfg = Release|Any CPU
		{1F595F26-3031-4776-B7BF-A57C7264FA42}.Release|Any CPU.Build.0 = Release|Any CPU
	EndGlobalSection
	GlobalSection(SolutionProperties) = preSolution
		HideSolutionNode = FALSE
	EndGlobalSection
	GlobalSection(ExtensibilityGlobals) = postSolution
		SolutionGuid = {5B8A6AC6-94D1-4BC1-901E-2D643B0C3957}
	EndGlobalSection
EndGlobal
