
Microsoft Visual Studio Solution File, Format Version 12.00
# Visual Studio Version 17
VisualStudioVersion = 17.5.002.0
MinimumVisualStudioVersion = 10.0.40219.1
Project("{9A19103F-16F7-4668-BE54-9A1E7A4F7556}") = "Lecture_9.1", "Lecture_9.1.csproj", "{63AB31AF-9692-4174-A1E6-6F1CA454F4F2}"
EndProject
Global
	GlobalSection(SolutionConfigurationPlatforms) = preSolution
		Debug|Any CPU = Debug|Any CPU
		Release|Any CPU = Release|Any CPU
	EndGlobalSection
	GlobalSection(ProjectConfigurationPlatforms) = postSolution
		{63AB31AF-9692-4174-A1E6-6F1CA454F4F2}.Debug|Any CPU.ActiveCfg = Debug|Any CPU
		{63AB31AF-9692-4174-A1E6-6F1CA454F4F2}.Debug|Any CPU.Build.0 = Debug|Any CPU
		{63AB31AF-9692-4174-A1E6-6F1CA454F4F2}.Release|Any CPU.ActiveCfg = Release|Any CPU
		{63AB31AF-9692-4174-A1E6-6F1CA454F4F2}.Release|Any CPU.Build.0 = Release|Any CPU
	EndGlobalSection
	GlobalSection(SolutionProperties) = preSolution
		HideSolutionNode = FALSE
	EndGlobalSection
	GlobalSection(ExtensibilityGlobals) = postSolution
		SolutionGuid = {BE1B5218-B89D-43B2-A413-3BF56D8544CB}
	EndGlobalSection
EndGlobal
